
Microsoft Visual Studio Solution File, Format Version 12.00
# Visual Studio Version 17
VisualStudioVersion = 17.3.32819.101
MinimumVisualStudioVersion = 10.0.40219.1
Project("{9A19103F-16F7-4668-BE54-9A1E7A4F7556}") = "BrewUpPubs", "BrewUpPubs\BrewUpPubs.csproj", "{6A9E7B8D-8C35-4285-8D5A-3D0EDA40DC39}"
EndProject
Project("{2150E333-8FDC-42A3-9474-1A3956D46DE8}") = "99 Presentation", "99 Presentation", "{7A186BCC-8F58-406B-B2D7-D5BC775BCC19}"
EndProject
Project("{2150E333-8FDC-42A3-9474-1A3956D46DE8}") = "60 Modules", "60 Modules", "{D56764E8-5402-4C0D-A7E8-1E5A652B28BA}"
EndProject
Project("{2150E333-8FDC-42A3-9474-1A3956D46DE8}") = "30 Shared", "30 Shared", "{F4C8DA12-A6BD-4BF2-9F11-5FBF5276159D}"
EndProject
Project("{2150E333-8FDC-42A3-9474-1A3956D46DE8}") = "Pubs", "Pubs", "{003C9815-1529-4BFC-B7FE-A8DCB352295D}"
EndProject
Project("{2150E333-8FDC-42A3-9474-1A3956D46DE8}") = "Tests", "Tests", "{F604FE05-1790-47BA-A352-846F0CAF9905}"
EndProject
Project("{2150E333-8FDC-42A3-9474-1A3956D46DE8}") = "20 Infrastructure", "20 Infrastructure", "{54A4183F-46EE-4DE8-88FF-92E8520DC172}"
EndProject
Project("{2150E333-8FDC-42A3-9474-1A3956D46DE8}") = "10 Domain", "10 Domain", "{3999DF45-0940-4B0E-A6F9-95CE656C97E9}"
EndProject
Project("{9A19103F-16F7-4668-BE54-9A1E7A4F7556}") = "BrewUpPubs.Shared", "BrewUpPubs.Shared\BrewUpPubs.Shared.csproj", "{3DF30D7B-C3A7-435F-A7EB-26800198A175}"
EndProject
Project("{2150E333-8FDC-42A3-9474-1A3956D46DE8}") = "MongoDb", "MongoDb", "{14966BF2-FC78-41CE-9C55-F7A3834EA95F}"
EndProject
Project("{2150E333-8FDC-42A3-9474-1A3956D46DE8}") = "40 ReadModel", "40 ReadModel", "{87A71F50-0989-48D0-A863-17B050496224}"
EndProject
Project("{9A19103F-16F7-4668-BE54-9A1E7A4F7556}") = "BrewUpPubs.ReadModel", "BrewUpPubs.ReadModel\BrewUpPubs.ReadModel.csproj", "{8085A06A-8BF4-4B96-ABD0-6E79C77A61A3}"
EndProject
Project("{9A19103F-16F7-4668-BE54-9A1E7A4F7556}") = "BrewUpPubs.ReadModel.MongoDb", "BrewUpPubs.ReadModel.MongoDb\BrewUpPubs.ReadModel.MongoDb.csproj", "{F4467009-5A2D-4067-B755-29FF4D8B6F67}"
EndProject
Project("{9A19103F-16F7-4668-BE54-9A1E7A4F7556}") = "BrewUpPubs.Modules.Pubs", "BrewUpPubs.Modules.Pubs\BrewUpPubs.Modules.Pubs.csproj", "{C3C2D884-D8F3-446E-8608-E1BDF43F9B57}"
EndProject
Project("{9A19103F-16F7-4668-BE54-9A1E7A4F7556}") = "BrewUpPubs.Modules.Pubs.Shared", "BrewUpPubs.Modules.Pubs.Shared\BrewUpPubs.Modules.Pubs.Shared.csproj", "{D55B1A26-AC83-4E9B-B0FE-A8D347EF318A}"
EndProject
Project("{9A19103F-16F7-4668-BE54-9A1E7A4F7556}") = "BrewUpPubs.Modules.Pubs.Tests", "BrewUpPubs.Modules.Pubs.Tests\BrewUpPubs.Modules.Pubs.Tests.csproj", "{7432E32E-BEF0-49A4-BDBF-32DB6FE50D44}"
EndProject
Global
	GlobalSection(SolutionConfigurationPlatforms) = preSolution
		Debug|Any CPU = Debug|Any CPU
		Release|Any CPU = Release|Any CPU
	EndGlobalSection
	GlobalSection(ProjectConfigurationPlatforms) = postSolution
		{6A9E7B8D-8C35-4285-8D5A-3D0EDA40DC39}.Debug|Any CPU.ActiveCfg = Debug|Any CPU
		{6A9E7B8D-8C35-4285-8D5A-3D0EDA40DC39}.Debug|Any CPU.Build.0 = Debug|Any CPU
		{6A9E7B8D-8C35-4285-8D5A-3D0EDA40DC39}.Release|Any CPU.ActiveCfg = Release|Any CPU
		{6A9E7B8D-8C35-4285-8D5A-3D0EDA40DC39}.Release|Any CPU.Build.0 = Release|Any CPU
		{3DF30D7B-C3A7-435F-A7EB-26800198A175}.Debug|Any CPU.ActiveCfg = Debug|Any CPU
		{3DF30D7B-C3A7-435F-A7EB-26800198A175}.Debug|Any CPU.Build.0 = Debug|Any CPU
		{3DF30D7B-C3A7-435F-A7EB-26800198A175}.Release|Any CPU.ActiveCfg = Release|Any CPU
		{3DF30D7B-C3A7-435F-A7EB-26800198A175}.Release|Any CPU.Build.0 = Release|Any CPU
		{8085A06A-8BF4-4B96-ABD0-6E79C77A61A3}.Debug|Any CPU.ActiveCfg = Debug|Any CPU
		{8085A06A-8BF4-4B96-ABD0-6E79C77A61A3}.Debug|Any CPU.Build.0 = Debug|Any CPU
		{8085A06A-8BF4-4B96-ABD0-6E79C77A61A3}.Release|Any CPU.ActiveCfg = Release|Any CPU
		{8085A06A-8BF4-4B96-ABD0-6E79C77A61A3}.Release|Any CPU.Build.0 = Release|Any CPU
		{F4467009-5A2D-4067-B755-29FF4D8B6F67}.Debug|Any CPU.ActiveCfg = Debug|Any CPU
		{F4467009-5A2D-4067-B755-29FF4D8B6F67}.Debug|Any CPU.Build.0 = Debug|Any CPU
		{F4467009-5A2D-4067-B755-29FF4D8B6F67}.Release|Any CPU.ActiveCfg = Release|Any CPU
		{F4467009-5A2D-4067-B755-29FF4D8B6F67}.Release|Any CPU.Build.0 = Release|Any CPU
		{C3C2D884-D8F3-446E-8608-E1BDF43F9B57}.Debug|Any CPU.ActiveCfg = Debug|Any CPU
		{C3C2D884-D8F3-446E-8608-E1BDF43F9B57}.Debug|Any CPU.Build.0 = Debug|Any CPU
		{C3C2D884-D8F3-446E-8608-E1BDF43F9B57}.Release|Any CPU.ActiveCfg = Release|Any CPU
		{C3C2D884-D8F3-446E-8608-E1BDF43F9B57}.Release|Any CPU.Build.0 = Release|Any CPU
		{D55B1A26-AC83-4E9B-B0FE-A8D347EF318A}.Debug|Any CPU.ActiveCfg = Debug|Any CPU
		{D55B1A26-AC83-4E9B-B0FE-A8D347EF318A}.Debug|Any CPU.Build.0 = Debug|Any CPU
		{D55B1A26-AC83-4E9B-B0FE-A8D347EF318A}.Release|Any CPU.ActiveCfg = Release|Any CPU
		{D55B1A26-AC83-4E9B-B0FE-A8D347EF318A}.Release|Any CPU.Build.0 = Release|Any CPU
		{7432E32E-BEF0-49A4-BDBF-32DB6FE50D44}.Debug|Any CPU.ActiveCfg = Debug|Any CPU
		{7432E32E-BEF0-49A4-BDBF-32DB6FE50D44}.Debug|Any CPU.Build.0 = Debug|Any CPU
		{7432E32E-BEF0-49A4-BDBF-32DB6FE50D44}.Release|Any CPU.ActiveCfg = Release|Any CPU
		{7432E32E-BEF0-49A4-BDBF-32DB6FE50D44}.Release|Any CPU.Build.0 = Release|Any CPU
	EndGlobalSection
	GlobalSection(SolutionProperties) = preSolution
		HideSolutionNode = FALSE
	EndGlobalSection
	GlobalSection(NestedProjects) = preSolution
		{6A9E7B8D-8C35-4285-8D5A-3D0EDA40DC39} = {7A186BCC-8F58-406B-B2D7-D5BC775BCC19}
		{003C9815-1529-4BFC-B7FE-A8DCB352295D} = {D56764E8-5402-4C0D-A7E8-1E5A652B28BA}
		{F604FE05-1790-47BA-A352-846F0CAF9905} = {003C9815-1529-4BFC-B7FE-A8DCB352295D}
		{3DF30D7B-C3A7-435F-A7EB-26800198A175} = {F4C8DA12-A6BD-4BF2-9F11-5FBF5276159D}
		{14966BF2-FC78-41CE-9C55-F7A3834EA95F} = {54A4183F-46EE-4DE8-88FF-92E8520DC172}
		{8085A06A-8BF4-4B96-ABD0-6E79C77A61A3} = {87A71F50-0989-48D0-A863-17B050496224}
		{F4467009-5A2D-4067-B755-29FF4D8B6F67} = {14966BF2-FC78-41CE-9C55-F7A3834EA95F}
		{C3C2D884-D8F3-446E-8608-E1BDF43F9B57} = {003C9815-1529-4BFC-B7FE-A8DCB352295D}
		{D55B1A26-AC83-4E9B-B0FE-A8D347EF318A} = {003C9815-1529-4BFC-B7FE-A8DCB352295D}
		{7432E32E-BEF0-49A4-BDBF-32DB6FE50D44} = {F604FE05-1790-47BA-A352-846F0CAF9905}
	EndGlobalSection
	GlobalSection(ExtensibilityGlobals) = postSolution
		SolutionGuid = {28164195-5840-4B7D-9242-42AE42F6DE68}
	EndGlobalSection
EndGlobal
